
Microsoft Visual Studio Solution File, Format Version 12.00
# Visual Studio Version 17
VisualStudioVersion = 17.0.31903.59
MinimumVisualStudioVersion = 10.0.40219.1
Project("{FAE04EC0-301F-11D3-BF4B-00C04F79EFBC}") = "API", "API\API.csproj", "{744A12A2-676C-45C6-8403-624215378F10}"
EndProject
Project("{FAE04EC0-301F-11D3-BF4B-00C04F79EFBC}") = "Application", "Application\Application.csproj", "{EAD9B808-173B-4A14-83FA-F57875700D5D}"
EndProject
Project("{FAE04EC0-301F-11D3-BF4B-00C04F79EFBC}") = "Domain", "Domain\Domain.csproj", "{11A92F98-D540-451D-BDEB-4E489C631D8B}"
EndProject
Project("{FAE04EC0-301F-11D3-BF4B-00C04F79EFBC}") = "Persistence", "Persistence\Persistence.csproj", "{823D7FD6-C522-4C4C-817D-C1C2120220E9}"
EndProject
Project("{FAE04EC0-301F-11D3-BF4B-00C04F79EFBC}") = "Infrastructure", "Infrastructure\Infrastructure.csproj", "{CFA66F48-5080-4A22-8779-AD4BEC58C3E7}"
EndProject
Global
	GlobalSection(SolutionConfigurationPlatforms) = preSolution
		Debug|Any CPU = Debug|Any CPU
		Release|Any CPU = Release|Any CPU
	EndGlobalSection
	GlobalSection(SolutionProperties) = preSolution
		HideSolutionNode = FALSE
	EndGlobalSection
	GlobalSection(ProjectConfigurationPlatforms) = postSolution
		{744A12A2-676C-45C6-8403-624215378F10}.Debug|Any CPU.ActiveCfg = Debug|Any CPU
		{744A12A2-676C-45C6-8403-624215378F10}.Debug|Any CPU.Build.0 = Debug|Any CPU
		{744A12A2-676C-45C6-8403-624215378F10}.Release|Any CPU.ActiveCfg = Release|Any CPU
		{744A12A2-676C-45C6-8403-624215378F10}.Release|Any CPU.Build.0 = Release|Any CPU
		{EAD9B808-173B-4A14-83FA-F57875700D5D}.Debug|Any CPU.ActiveCfg = Debug|Any CPU
		{EAD9B808-173B-4A14-83FA-F57875700D5D}.Debug|Any CPU.Build.0 = Debug|Any CPU
		{EAD9B808-173B-4A14-83FA-F57875700D5D}.Release|Any CPU.ActiveCfg = Release|Any CPU
		{EAD9B808-173B-4A14-83FA-F57875700D5D}.Release|Any CPU.Build.0 = Release|Any CPU
		{11A92F98-D540-451D-BDEB-4E489C631D8B}.Debug|Any CPU.ActiveCfg = Debug|Any CPU
		{11A92F98-D540-451D-BDEB-4E489C631D8B}.Debug|Any CPU.Build.0 = Debug|Any CPU
		{11A92F98-D540-451D-BDEB-4E489C631D8B}.Release|Any CPU.ActiveCfg = Release|Any CPU
		{11A92F98-D540-451D-BDEB-4E489C631D8B}.Release|Any CPU.Build.0 = Release|Any CPU
		{823D7FD6-C522-4C4C-817D-C1C2120220E9}.Debug|Any CPU.ActiveCfg = Debug|Any CPU
		{823D7FD6-C522-4C4C-817D-C1C2120220E9}.Debug|Any CPU.Build.0 = Debug|Any CPU
		{823D7FD6-C522-4C4C-817D-C1C2120220E9}.Release|Any CPU.ActiveCfg = Release|Any CPU
		{823D7FD6-C522-4C4C-817D-C1C2120220E9}.Release|Any CPU.Build.0 = Release|Any CPU
		{CFA66F48-5080-4A22-8779-AD4BEC58C3E7}.Debug|Any CPU.ActiveCfg = Debug|Any CPU
		{CFA66F48-5080-4A22-8779-AD4BEC58C3E7}.Debug|Any CPU.Build.0 = Debug|Any CPU
		{CFA66F48-5080-4A22-8779-AD4BEC58C3E7}.Release|Any CPU.ActiveCfg = Release|Any CPU
		{CFA66F48-5080-4A22-8779-AD4BEC58C3E7}.Release|Any CPU.Build.0 = Release|Any CPU
	EndGlobalSection
EndGlobal
